
Microsoft Visual Studio Solution File, Format Version 12.00
# Visual Studio 14
VisualStudioVersion = 14.0.25420.1
MinimumVisualStudioVersion = 10.0.40219.1
Project("{FAE04EC0-301F-11D3-BF4B-00C04F79EFBC}") = "Sabio.Fundamentals", "Sabio.Fundamentals\Sabio.Fundamentals.csproj", "{2C2B3FEB-A0FA-436C-A37F-1FA614251E4A}"
EndProject
Project("{FAE04EC0-301F-11D3-BF4B-00C04F79EFBC}") = "Sabio.Data", "Sabio.Data\Sabio.Data.csproj", "{F696CB27-02F4-4326-A80D-99B070A888CE}"
EndProject
Project("{FAE04EC0-301F-11D3-BF4B-00C04F79EFBC}") = "Sabio.DataAccess", "Sabio.DataAccess\Sabio.DataAccess.csproj", "{819B4521-1E55-4013-B5F3-7EB52C4F2498}"
EndProject
Global
	GlobalSection(SolutionConfigurationPlatforms) = preSolution
		Debug|Any CPU = Debug|Any CPU
		Release|Any CPU = Release|Any CPU
	EndGlobalSection
	GlobalSection(ProjectConfigurationPlatforms) = postSolution
		{2C2B3FEB-A0FA-436C-A37F-1FA614251E4A}.Debug|Any CPU.ActiveCfg = Debug|Any CPU
		{2C2B3FEB-A0FA-436C-A37F-1FA614251E4A}.Debug|Any CPU.Build.0 = Debug|Any CPU
		{2C2B3FEB-A0FA-436C-A37F-1FA614251E4A}.Release|Any CPU.ActiveCfg = Release|Any CPU
		{2C2B3FEB-A0FA-436C-A37F-1FA614251E4A}.Release|Any CPU.Build.0 = Release|Any CPU
		{F696CB27-02F4-4326-A80D-99B070A888CE}.Debug|Any CPU.ActiveCfg = Debug|Any CPU
		{F696CB27-02F4-4326-A80D-99B070A888CE}.Debug|Any CPU.Build.0 = Debug|Any CPU
		{F696CB27-02F4-4326-A80D-99B070A888CE}.Release|Any CPU.ActiveCfg = Release|Any CPU
		{F696CB27-02F4-4326-A80D-99B070A888CE}.Release|Any CPU.Build.0 = Release|Any CPU
		{819B4521-1E55-4013-B5F3-7EB52C4F2498}.Debug|Any CPU.ActiveCfg = Debug|Any CPU
		{819B4521-1E55-4013-B5F3-7EB52C4F2498}.Debug|Any CPU.Build.0 = Debug|Any CPU
		{819B4521-1E55-4013-B5F3-7EB52C4F2498}.Release|Any CPU.ActiveCfg = Release|Any CPU
		{819B4521-1E55-4013-B5F3-7EB52C4F2498}.Release|Any CPU.Build.0 = Release|Any CPU
	EndGlobalSection
	GlobalSection(SolutionProperties) = preSolution
		HideSolutionNode = FALSE
	EndGlobalSection
EndGlobal
